
Microsoft Visual Studio Solution File, Format Version 12.00
# Visual Studio Version 16
VisualStudioVersion = 16.0.30204.135
MinimumVisualStudioVersion = 10.0.40219.1
Project("{FAE04EC0-301F-11D3-BF4B-00C04F79EFBC}") = "Cars", "Cars\Cars.csproj", "{01BEE667-D260-423D-83CF-5F29D0EC10BE}"
EndProject
Global
	GlobalSection(SolutionConfigurationPlatforms) = preSolution
		Debug|Any CPU = Debug|Any CPU
		Release|Any CPU = Release|Any CPU
	EndGlobalSection
	GlobalSection(ProjectConfigurationPlatforms) = postSolution
		{01BEE667-D260-423D-83CF-5F29D0EC10BE}.Debug|Any CPU.ActiveCfg = Debug|Any CPU
		{01BEE667-D260-423D-83CF-5F29D0EC10BE}.Debug|Any CPU.Build.0 = Debug|Any CPU
		{01BEE667-D260-423D-83CF-5F29D0EC10BE}.Release|Any CPU.ActiveCfg = Release|Any CPU
		{01BEE667-D260-423D-83CF-5F29D0EC10BE}.Release|Any CPU.Build.0 = Release|Any CPU
	EndGlobalSection
	GlobalSection(SolutionProperties) = preSolution
		HideSolutionNode = FALSE
	EndGlobalSection
	GlobalSection(ExtensibilityGlobals) = postSolution
		SolutionGuid = {C2B12B0A-2D82-4D61-B90B-92BAD8601BDF}
	EndGlobalSection
EndGlobal
